{
	"name": "Jobs",
	"version": "0.0.1",
	"lockfileVersion": 1,
	"dependencies": {
		"react-native-maps": {
			"version": "0.16.4",
			"resolved": "https://registry.npmjs.org/react-native-maps/-/react-native-maps-0.16.4.tgz",
			"integrity": "sha512-dG7ISqQoy8RyshrFkHiAnmhf5CcoaenPLLB4s+GJgabcS3FTD72EWFhmIHewd+ItSFLzXQXbhW40aUpAMCFhfg=="
		}
	}
}
